
Microsoft Visual Studio Solution File, Format Version 12.00
# Visual Studio Version 17
VisualStudioVersion = 17.3.32901.215
MinimumVisualStudioVersion = 10.0.40219.1
Project("{FAE04EC0-301F-11D3-BF4B-00C04F79EFBC}") = "WeightContestService", "WeightContestService\WeightContestService.csproj", "{DBF9D75C-BBC7-4D2B-AD58-518A34F0989B}"
EndProject
Global
	GlobalSection(SolutionConfigurationPlatforms) = preSolution
		Debug|Any CPU = Debug|Any CPU
		Release|Any CPU = Release|Any CPU
	EndGlobalSection
	GlobalSection(ProjectConfigurationPlatforms) = postSolution
		{DBF9D75C-BBC7-4D2B-AD58-518A34F0989B}.Debug|Any CPU.ActiveCfg = Debug|Any CPU
		{DBF9D75C-BBC7-4D2B-AD58-518A34F0989B}.Debug|Any CPU.Build.0 = Debug|Any CPU
		{DBF9D75C-BBC7-4D2B-AD58-518A34F0989B}.Release|Any CPU.ActiveCfg = Release|Any CPU
		{DBF9D75C-BBC7-4D2B-AD58-518A34F0989B}.Release|Any CPU.Build.0 = Release|Any CPU
	EndGlobalSection
	GlobalSection(SolutionProperties) = preSolution
		HideSolutionNode = FALSE
	EndGlobalSection
	GlobalSection(ExtensibilityGlobals) = postSolution
		SolutionGuid = {DF8538CB-8924-4087-8FFA-61702D1A3588}
	EndGlobalSection
EndGlobal
